
Microsoft Visual Studio Solution File, Format Version 12.00
# Visual Studio Version 17
VisualStudioVersion = 17.2.32505.173
MinimumVisualStudioVersion = 10.0.40219.1
Project("{9A19103F-16F7-4668-BE54-9A1E7A4F7556}") = "BlazorApp1", "snoteseditor/BlazorApp1.csproj", "{F29C9ACC-DE01-4797-9E38-1D5FA006EF9E}"
EndProject
Global
	GlobalSection(SolutionConfigurationPlatforms) = preSolution
		Debug|Any CPU = Debug|Any CPU
		Release|Any CPU = Release|Any CPU
	EndGlobalSection
	GlobalSection(ProjectConfigurationPlatforms) = postSolution
		{F29C9ACC-DE01-4797-9E38-1D5FA006EF9E}.Debug|Any CPU.ActiveCfg = Debug|Any CPU
		{F29C9ACC-DE01-4797-9E38-1D5FA006EF9E}.Debug|Any CPU.Build.0 = Debug|Any CPU
		{F29C9ACC-DE01-4797-9E38-1D5FA006EF9E}.Release|Any CPU.ActiveCfg = Release|Any CPU
		{F29C9ACC-DE01-4797-9E38-1D5FA006EF9E}.Release|Any CPU.Build.0 = Release|Any CPU
	EndGlobalSection
	GlobalSection(SolutionProperties) = preSolution
		HideSolutionNode = FALSE
	EndGlobalSection
	GlobalSection(ExtensibilityGlobals) = postSolution
		SolutionGuid = {3768B437-0ECF-4676-857B-9231EABB6A6B}
	EndGlobalSection
EndGlobal
